# THIS IS AN AUTOGENERATED FILE. DO NOT EDIT THIS FILE DIRECTLY.
# yarn lockfile v1


"@vue/composition-api@^0.5.4":
  version "0.5.0"
  resolved "https://registry.yarnpkg.com/@vue/composition-api/-/composition-api-0.5.0.tgz#2dbaa02a5d1f5d0d407d53d5529fe444aa8362f3"
  integrity sha512-9QDFWq7q839G1CTTaxeruPOTrrVOPSaVipJ2TxxK9QAruePNTHOGbOOFRpc8WLl4YPsu1/c29yBhMVmrXz8BZw==
  dependencies:
    tslib "^1.9.3"

swrv@~0.5.2:
  version "0.5.2"
  resolved "https://registry.yarnpkg.com/swrv/-/swrv-0.5.2.tgz#b58b7b0509ec25cfc37faee32a3f514ebfd73b98"
  integrity sha512-vlnp2NZ2UE11jpzdfb7f/XmaOafQy2lOySgT44fsi2KnHM+XCl8oxTtKoYlMUivcqANbSedwj8jPNhYBOPx1Rw==

tslib@^1.9.3:
  version "1.10.0"
  resolved "https://registry.yarnpkg.com/tslib/-/tslib-1.10.0.tgz#c3c19f95973fb0a62973fb09d90d961ee43e5c8a"
  integrity sha512-qOebF53frne81cf0S9B41ByenJ3/IuH8yJKngAX35CmiZySA0khhkovshKK+jGCaMnVomla7gVlIcc3EvKPbTQ==
